dependencies:
- name: kafka
  repository: https://charts.bitnami.com/bitnami
  version: 14.9.0
- name: kowl
  repository: https://raw.githubusercontent.com/cloudhut/charts/master/archives
  version: 2.3.0
digest: sha256:685fe0081b4a4da5b4fcedcf1d664ec87cef2051529551e3fef1ee30addba222
generated: "2022-06-21T09:36:16.2087304+02:00"
