
Microsoft Visual Studio Solution File, Format Version 12.00
# Visual Studio Version 16
VisualStudioVersion = 16.0.30114.105
MinimumVisualStudioVersion = 10.0.40219.1
Project("{FAE04EC0-301F-11D3-BF4B-00C04F79EFBC}") = "grpc", "grpc\grpc.csproj", "{5A739416-A4BC-434F-A288-1C895AFBFC28}"
EndProject
Project("{FAE04EC0-301F-11D3-BF4B-00C04F79EFBC}") = "GraphQL", "GraphQL\GraphQL.csproj", "{BA2A240F-A1D6-4B7B-A462-F340B3653429}"
EndProject
Project("{FAE04EC0-301F-11D3-BF4B-00C04F79EFBC}") = "GraphQLClient", "GraphQLClient\GraphQLClient.csproj", "{D1284A09-DF2C-4523-910C-CFCE0B8E5475}"
EndProject
Project("{FAE04EC0-301F-11D3-BF4B-00C04F79EFBC}") = "Models", "Models\Models.csproj", "{E0CB77DC-B749-4CCD-8E6B-0133731DAD24}"
EndProject
Project("{FAE04EC0-301F-11D3-BF4B-00C04F79EFBC}") = "Benchmark", "Benchmark\Benchmark.csproj", "{C5A4F24C-1988-4FCF-94D9-D11B1385CC60}"
EndProject
Project("{FAE04EC0-301F-11D3-BF4B-00C04F79EFBC}") = "grpcClient", "grpcClient\grpcClient.csproj", "{A66E4C0A-3EE0-4F6D-AD51-F274D9092233}"
EndProject
Project("{FAE04EC0-301F-11D3-BF4B-00C04F79EFBC}") = "grpcShared", "grpcShared\grpcShared.csproj", "{B5898FBE-1601-48E8-9103-314CD69861ED}"
EndProject
Project("{FAE04EC0-301F-11D3-BF4B-00C04F79EFBC}") = "SignalR", "SignalR\SignalR.csproj", "{3A1FC153-D89D-4661-ACB9-C5872A59ECFF}"
EndProject
Project("{FAE04EC0-301F-11D3-BF4B-00C04F79EFBC}") = "SignalRClient", "SignalRClient\SignalRClient.csproj", "{1C69DF30-2F45-48CD-806F-D570FB967E7A}"
EndProject
Project("{FAE04EC0-301F-11D3-BF4B-00C04F79EFBC}") = "SignalRShared", "SignalRShared\SignalRShared.csproj", "{A88CF43F-DD6B-4184-BF64-757306BDE7AA}"
EndProject
Global
	GlobalSection(SolutionProperties) = preSolution
		HideSolutionNode = FALSE
	EndGlobalSection
	GlobalSection(SolutionConfigurationPlatforms) = preSolution
		Debug|Any CPU = Debug|Any CPU
		Debug|x64 = Debug|x64
		Debug|x86 = Debug|x86
		Release|Any CPU = Release|Any CPU
		Release|x64 = Release|x64
		Release|x86 = Release|x86
	EndGlobalSection
	GlobalSection(ProjectConfigurationPlatforms) = postSolution
		{5A739416-A4BC-434F-A288-1C895AFBFC28}.Debug|Any CPU.ActiveCfg = Debug|Any CPU
		{5A739416-A4BC-434F-A288-1C895AFBFC28}.Debug|Any CPU.Build.0 = Debug|Any CPU
		{5A739416-A4BC-434F-A288-1C895AFBFC28}.Debug|x64.ActiveCfg = Debug|Any CPU
		{5A739416-A4BC-434F-A288-1C895AFBFC28}.Debug|x64.Build.0 = Debug|Any CPU
		{5A739416-A4BC-434F-A288-1C895AFBFC28}.Debug|x86.ActiveCfg = Debug|Any CPU
		{5A739416-A4BC-434F-A288-1C895AFBFC28}.Debug|x86.Build.0 = Debug|Any CPU
		{5A739416-A4BC-434F-A288-1C895AFBFC28}.Release|Any CPU.ActiveCfg = Release|Any CPU
		{5A739416-A4BC-434F-A288-1C895AFBFC28}.Release|Any CPU.Build.0 = Release|Any CPU
		{5A739416-A4BC-434F-A288-1C895AFBFC28}.Release|x64.ActiveCfg = Release|Any CPU
		{5A739416-A4BC-434F-A288-1C895AFBFC28}.Release|x64.Build.0 = Release|Any CPU
		{5A739416-A4BC-434F-A288-1C895AFBFC28}.Release|x86.ActiveCfg = Release|Any CPU
		{5A739416-A4BC-434F-A288-1C895AFBFC28}.Release|x86.Build.0 = Release|Any CPU
		{BA2A240F-A1D6-4B7B-A462-F340B3653429}.Debug|Any CPU.ActiveCfg = Debug|Any CPU
		{BA2A240F-A1D6-4B7B-A462-F340B3653429}.Debug|Any CPU.Build.0 = Debug|Any CPU
		{BA2A240F-A1D6-4B7B-A462-F340B3653429}.Debug|x64.ActiveCfg = Debug|Any CPU
		{BA2A240F-A1D6-4B7B-A462-F340B3653429}.Debug|x64.Build.0 = Debug|Any CPU
		{BA2A240F-A1D6-4B7B-A462-F340B3653429}.Debug|x86.ActiveCfg = Debug|Any CPU
		{BA2A240F-A1D6-4B7B-A462-F340B3653429}.Debug|x86.Build.0 = Debug|Any CPU
		{BA2A240F-A1D6-4B7B-A462-F340B3653429}.Release|Any CPU.ActiveCfg = Release|Any CPU
		{BA2A240F-A1D6-4B7B-A462-F340B3653429}.Release|Any CPU.Build.0 = Release|Any CPU
		{BA2A240F-A1D6-4B7B-A462-F340B3653429}.Release|x64.ActiveCfg = Release|Any CPU
		{BA2A240F-A1D6-4B7B-A462-F340B3653429}.Release|x64.Build.0 = Release|Any CPU
		{BA2A240F-A1D6-4B7B-A462-F340B3653429}.Release|x86.ActiveCfg = Release|Any CPU
		{BA2A240F-A1D6-4B7B-A462-F340B3653429}.Release|x86.Build.0 = Release|Any CPU
		{D1284A09-DF2C-4523-910C-CFCE0B8E5475}.Debug|Any CPU.ActiveCfg = Debug|Any CPU
		{D1284A09-DF2C-4523-910C-CFCE0B8E5475}.Debug|Any CPU.Build.0 = Debug|Any CPU
		{D1284A09-DF2C-4523-910C-CFCE0B8E5475}.Debug|x64.ActiveCfg = Debug|Any CPU
		{D1284A09-DF2C-4523-910C-CFCE0B8E5475}.Debug|x64.Build.0 = Debug|Any CPU
		{D1284A09-DF2C-4523-910C-CFCE0B8E5475}.Debug|x86.ActiveCfg = Debug|Any CPU
		{D1284A09-DF2C-4523-910C-CFCE0B8E5475}.Debug|x86.Build.0 = Debug|Any CPU
		{D1284A09-DF2C-4523-910C-CFCE0B8E5475}.Release|Any CPU.ActiveCfg = Release|Any CPU
		{D1284A09-DF2C-4523-910C-CFCE0B8E5475}.Release|Any CPU.Build.0 = Release|Any CPU
		{D1284A09-DF2C-4523-910C-CFCE0B8E5475}.Release|x64.ActiveCfg = Release|Any CPU
		{D1284A09-DF2C-4523-910C-CFCE0B8E5475}.Release|x64.Build.0 = Release|Any CPU
		{D1284A09-DF2C-4523-910C-CFCE0B8E5475}.Release|x86.ActiveCfg = Release|Any CPU
		{D1284A09-DF2C-4523-910C-CFCE0B8E5475}.Release|x86.Build.0 = Release|Any CPU
		{E0CB77DC-B749-4CCD-8E6B-0133731DAD24}.Debug|Any CPU.ActiveCfg = Debug|Any CPU
		{E0CB77DC-B749-4CCD-8E6B-0133731DAD24}.Debug|Any CPU.Build.0 = Debug|Any CPU
		{E0CB77DC-B749-4CCD-8E6B-0133731DAD24}.Debug|x64.ActiveCfg = Debug|Any CPU
		{E0CB77DC-B749-4CCD-8E6B-0133731DAD24}.Debug|x64.Build.0 = Debug|Any CPU
		{E0CB77DC-B749-4CCD-8E6B-0133731DAD24}.Debug|x86.ActiveCfg = Debug|Any CPU
		{E0CB77DC-B749-4CCD-8E6B-0133731DAD24}.Debug|x86.Build.0 = Debug|Any CPU
		{E0CB77DC-B749-4CCD-8E6B-0133731DAD24}.Release|Any CPU.ActiveCfg = Release|Any CPU
		{E0CB77DC-B749-4CCD-8E6B-0133731DAD24}.Release|Any CPU.Build.0 = Release|Any CPU
		{E0CB77DC-B749-4CCD-8E6B-0133731DAD24}.Release|x64.ActiveCfg = Release|Any CPU
		{E0CB77DC-B749-4CCD-8E6B-0133731DAD24}.Release|x64.Build.0 = Release|Any CPU
		{E0CB77DC-B749-4CCD-8E6B-0133731DAD24}.Release|x86.ActiveCfg = Release|Any CPU
		{E0CB77DC-B749-4CCD-8E6B-0133731DAD24}.Release|x86.Build.0 = Release|Any CPU
		{C5A4F24C-1988-4FCF-94D9-D11B1385CC60}.Debug|Any CPU.ActiveCfg = Debug|Any CPU
		{C5A4F24C-1988-4FCF-94D9-D11B1385CC60}.Debug|Any CPU.Build.0 = Debug|Any CPU
		{C5A4F24C-1988-4FCF-94D9-D11B1385CC60}.Debug|x64.ActiveCfg = Debug|Any CPU
		{C5A4F24C-1988-4FCF-94D9-D11B1385CC60}.Debug|x64.Build.0 = Debug|Any CPU
		{C5A4F24C-1988-4FCF-94D9-D11B1385CC60}.Debug|x86.ActiveCfg = Debug|Any CPU
		{C5A4F24C-1988-4FCF-94D9-D11B1385CC60}.Debug|x86.Build.0 = Debug|Any CPU
		{C5A4F24C-1988-4FCF-94D9-D11B1385CC60}.Release|Any CPU.ActiveCfg = Release|Any CPU
		{C5A4F24C-1988-4FCF-94D9-D11B1385CC60}.Release|Any CPU.Build.0 = Release|Any CPU
		{C5A4F24C-1988-4FCF-94D9-D11B1385CC60}.Release|x64.ActiveCfg = Release|Any CPU
		{C5A4F24C-1988-4FCF-94D9-D11B1385CC60}.Release|x64.Build.0 = Release|Any CPU
		{C5A4F24C-1988-4FCF-94D9-D11B1385CC60}.Release|x86.ActiveCfg = Release|Any CPU
		{C5A4F24C-1988-4FCF-94D9-D11B1385CC60}.Release|x86.Build.0 = Release|Any CPU
		{A66E4C0A-3EE0-4F6D-AD51-F274D9092233}.Debug|Any CPU.ActiveCfg = Debug|Any CPU
		{A66E4C0A-3EE0-4F6D-AD51-F274D9092233}.Debug|Any CPU.Build.0 = Debug|Any CPU
		{A66E4C0A-3EE0-4F6D-AD51-F274D9092233}.Debug|x64.ActiveCfg = Debug|Any CPU
		{A66E4C0A-3EE0-4F6D-AD51-F274D9092233}.Debug|x64.Build.0 = Debug|Any CPU
		{A66E4C0A-3EE0-4F6D-AD51-F274D9092233}.Debug|x86.ActiveCfg = Debug|Any CPU
		{A66E4C0A-3EE0-4F6D-AD51-F274D9092233}.Debug|x86.Build.0 = Debug|Any CPU
		{A66E4C0A-3EE0-4F6D-AD51-F274D9092233}.Release|Any CPU.ActiveCfg = Release|Any CPU
		{A66E4C0A-3EE0-4F6D-AD51-F274D9092233}.Release|Any CPU.Build.0 = Release|Any CPU
		{A66E4C0A-3EE0-4F6D-AD51-F274D9092233}.Release|x64.ActiveCfg = Release|Any CPU
		{A66E4C0A-3EE0-4F6D-AD51-F274D9092233}.Release|x64.Build.0 = Release|Any CPU
		{A66E4C0A-3EE0-4F6D-AD51-F274D9092233}.Release|x86.ActiveCfg = Release|Any CPU
		{A66E4C0A-3EE0-4F6D-AD51-F274D9092233}.Release|x86.Build.0 = Release|Any CPU
		{B5898FBE-1601-48E8-9103-314CD69861ED}.Debug|Any CPU.ActiveCfg = Debug|Any CPU
		{B5898FBE-1601-48E8-9103-314CD69861ED}.Debug|Any CPU.Build.0 = Debug|Any CPU
		{B5898FBE-1601-48E8-9103-314CD69861ED}.Debug|x64.ActiveCfg = Debug|Any CPU
		{B5898FBE-1601-48E8-9103-314CD69861ED}.Debug|x64.Build.0 = Debug|Any CPU
		{B5898FBE-1601-48E8-9103-314CD69861ED}.Debug|x86.ActiveCfg = Debug|Any CPU
		{B5898FBE-1601-48E8-9103-314CD69861ED}.Debug|x86.Build.0 = Debug|Any CPU
		{B5898FBE-1601-48E8-9103-314CD69861ED}.Release|Any CPU.ActiveCfg = Release|Any CPU
		{B5898FBE-1601-48E8-9103-314CD69861ED}.Release|Any CPU.Build.0 = Release|Any CPU
		{B5898FBE-1601-48E8-9103-314CD69861ED}.Release|x64.ActiveCfg = Release|Any CPU
		{B5898FBE-1601-48E8-9103-314CD69861ED}.Release|x64.Build.0 = Release|Any CPU
		{B5898FBE-1601-48E8-9103-314CD69861ED}.Release|x86.ActiveCfg = Release|Any CPU
		{B5898FBE-1601-48E8-9103-314CD69861ED}.Release|x86.Build.0 = Release|Any CPU
		{3A1FC153-D89D-4661-ACB9-C5872A59ECFF}.Debug|Any CPU.ActiveCfg = Debug|Any CPU
		{3A1FC153-D89D-4661-ACB9-C5872A59ECFF}.Debug|Any CPU.Build.0 = Debug|Any CPU
		{3A1FC153-D89D-4661-ACB9-C5872A59ECFF}.Debug|x64.ActiveCfg = Debug|Any CPU
		{3A1FC153-D89D-4661-ACB9-C5872A59ECFF}.Debug|x64.Build.0 = Debug|Any CPU
		{3A1FC153-D89D-4661-ACB9-C5872A59ECFF}.Debug|x86.ActiveCfg = Debug|Any CPU
		{3A1FC153-D89D-4661-ACB9-C5872A59ECFF}.Debug|x86.Build.0 = Debug|Any CPU
		{3A1FC153-D89D-4661-ACB9-C5872A59ECFF}.Release|Any CPU.ActiveCfg = Release|Any CPU
		{3A1FC153-D89D-4661-ACB9-C5872A59ECFF}.Release|Any CPU.Build.0 = Release|Any CPU
		{3A1FC153-D89D-4661-ACB9-C5872A59ECFF}.Release|x64.ActiveCfg = Release|Any CPU
		{3A1FC153-D89D-4661-ACB9-C5872A59ECFF}.Release|x64.Build.0 = Release|Any CPU
		{3A1FC153-D89D-4661-ACB9-C5872A59ECFF}.Release|x86.ActiveCfg = Release|Any CPU
		{3A1FC153-D89D-4661-ACB9-C5872A59ECFF}.Release|x86.Build.0 = Release|Any CPU
		{1C69DF30-2F45-48CD-806F-D570FB967E7A}.Debug|Any CPU.ActiveCfg = Debug|Any CPU
		{1C69DF30-2F45-48CD-806F-D570FB967E7A}.Debug|Any CPU.Build.0 = Debug|Any CPU
		{1C69DF30-2F45-48CD-806F-D570FB967E7A}.Debug|x64.ActiveCfg = Debug|Any CPU
		{1C69DF30-2F45-48CD-806F-D570FB967E7A}.Debug|x64.Build.0 = Debug|Any CPU
		{1C69DF30-2F45-48CD-806F-D570FB967E7A}.Debug|x86.ActiveCfg = Debug|Any CPU
		{1C69DF30-2F45-48CD-806F-D570FB967E7A}.Debug|x86.Build.0 = Debug|Any CPU
		{1C69DF30-2F45-48CD-806F-D570FB967E7A}.Release|Any CPU.ActiveCfg = Release|Any CPU
		{1C69DF30-2F45-48CD-806F-D570FB967E7A}.Release|Any CPU.Build.0 = Release|Any CPU
		{1C69DF30-2F45-48CD-806F-D570FB967E7A}.Release|x64.ActiveCfg = Release|Any CPU
		{1C69DF30-2F45-48CD-806F-D570FB967E7A}.Release|x64.Build.0 = Release|Any CPU
		{1C69DF30-2F45-48CD-806F-D570FB967E7A}.Release|x86.ActiveCfg = Release|Any CPU
		{1C69DF30-2F45-48CD-806F-D570FB967E7A}.Release|x86.Build.0 = Release|Any CPU
		{A88CF43F-DD6B-4184-BF64-757306BDE7AA}.Debug|Any CPU.ActiveCfg = Debug|Any CPU
		{A88CF43F-DD6B-4184-BF64-757306BDE7AA}.Debug|Any CPU.Build.0 = Debug|Any CPU
		{A88CF43F-DD6B-4184-BF64-757306BDE7AA}.Debug|x64.ActiveCfg = Debug|Any CPU
		{A88CF43F-DD6B-4184-BF64-757306BDE7AA}.Debug|x64.Build.0 = Debug|Any CPU
		{A88CF43F-DD6B-4184-BF64-757306BDE7AA}.Debug|x86.ActiveCfg = Debug|Any CPU
		{A88CF43F-DD6B-4184-BF64-757306BDE7AA}.Debug|x86.Build.0 = Debug|Any CPU
		{A88CF43F-DD6B-4184-BF64-757306BDE7AA}.Release|Any CPU.ActiveCfg = Release|Any CPU
		{A88CF43F-DD6B-4184-BF64-757306BDE7AA}.Release|Any CPU.Build.0 = Release|Any CPU
		{A88CF43F-DD6B-4184-BF64-757306BDE7AA}.Release|x64.ActiveCfg = Release|Any CPU
		{A88CF43F-DD6B-4184-BF64-757306BDE7AA}.Release|x64.Build.0 = Release|Any CPU
		{A88CF43F-DD6B-4184-BF64-757306BDE7AA}.Release|x86.ActiveCfg = Release|Any CPU
		{A88CF43F-DD6B-4184-BF64-757306BDE7AA}.Release|x86.Build.0 = Release|Any CPU
	EndGlobalSection
EndGlobal
